
Microsoft Visual Studio Solution File, Format Version 12.00
# Visual Studio Version 17
VisualStudioVersion = 17.2.32630.192
MinimumVisualStudioVersion = 10.0.40219.1
Project("{FAE04EC0-301F-11D3-BF4B-00C04F79EFBC}") = "ConsoleApp1", "ConsoleApp1.csproj", "{632301F6-9C44-4E47-82ED-A6329DF01E0D}"
EndProject
Global
	GlobalSection(SolutionConfigurationPlatforms) = preSolution
		Debug|Any CPU = Debug|Any CPU
		Release|Any CPU = Release|Any CPU
	EndGlobalSection
	GlobalSection(ProjectConfigurationPlatforms) = postSolution
		{632301F6-9C44-4E47-82ED-A6329DF01E0D}.Debug|Any CPU.ActiveCfg = Debug|Any CPU
		{632301F6-9C44-4E47-82ED-A6329DF01E0D}.Debug|Any CPU.Build.0 = Debug|Any CPU
		{632301F6-9C44-4E47-82ED-A6329DF01E0D}.Release|Any CPU.ActiveCfg = Release|Any CPU
		{632301F6-9C44-4E47-82ED-A6329DF01E0D}.Release|Any CPU.Build.0 = Release|Any CPU
	EndGlobalSection
	GlobalSection(SolutionProperties) = preSolution
		HideSolutionNode = FALSE
	EndGlobalSection
	GlobalSection(ExtensibilityGlobals) = postSolution
		SolutionGuid = {205E586F-2A70-4B98-A10A-96B6CFE43001}
	EndGlobalSection
EndGlobal
